
Microsoft Visual Studio Solution File, Format Version 12.00
# Visual Studio 15
VisualStudioVersion = 15.0.27428.2027
MinimumVisualStudioVersion = 10.0.40219.1
Project("{FAE04EC0-301F-11D3-BF4B-00C04F79EFBC}") = "Star_Labs_Assessment_Sewduth_N", "Star_Labs_Assessment_Sewduth_N\Star_Labs_Assessment_Sewduth_N.csproj", "{2E0C76D6-2F46-4C7F-8207-3FD40502DA2B}"
EndProject
Global
	GlobalSection(SolutionConfigurationPlatforms) = preSolution
		Debug|Any CPU = Debug|Any CPU
		Release|Any CPU = Release|Any CPU
	EndGlobalSection
	GlobalSection(ProjectConfigurationPlatforms) = postSolution
		{2E0C76D6-2F46-4C7F-8207-3FD40502DA2B}.Debug|Any CPU.ActiveCfg = Debug|Any CPU
		{2E0C76D6-2F46-4C7F-8207-3FD40502DA2B}.Debug|Any CPU.Build.0 = Debug|Any CPU
		{2E0C76D6-2F46-4C7F-8207-3FD40502DA2B}.Release|Any CPU.ActiveCfg = Release|Any CPU
		{2E0C76D6-2F46-4C7F-8207-3FD40502DA2B}.Release|Any CPU.Build.0 = Release|Any CPU
	EndGlobalSection
	GlobalSection(SolutionProperties) = preSolution
		HideSolutionNode = FALSE
	EndGlobalSection
	GlobalSection(ExtensibilityGlobals) = postSolution
		SolutionGuid = {02DD5098-AB6A-4A28-8215-0D4C4B0EA859}
	EndGlobalSection
EndGlobal
